<?xml version="1.0" encoding="utf-8"?>
<Project ToolsVersion="4.0" xmlns="http://schemas.microsoft.com/developer/msbuild/2003">
  <ItemGroup>
    <Filter Include="Source Files">
      <UniqueIdentifier>{4FC737F1-C7A5-4376-A066-2A32D752A2FF}</UniqueIdentifier>
      <Extensions>cpp;c;cc;cxx;c++;cppm;ixx;def;odl;idl;hpj;bat;asm;asmx</Extensions>
    </Filter>
    <Filter Include="Header Files">
      <UniqueIdentifier>{93995380-89BD-4b04-88EB-625FBE52EBFB}</UniqueIdentifier>
      <Extensions>h;hh;hpp;hxx;h++;hm;inl;inc;ipp;xsd</Extensions>
    </Filter>
    <Filter Include="Resource Files">
      <UniqueIdentifier>{67DA6AB6-F800-4c08-8B7A-83BB121AAD01}</UniqueIdentifier>
      <Extensions>rc;ico;cur;bmp;dlg;rc2;rct;bin;rgs;gif;jpg;jpeg;jpe;resx;tiff;tif;png;wav;mfcribbon-ms</Extensions>
    </Filter>
  </ItemGroup>
  <ItemGroup>
    <ClInclude Include="framework.h">
      <Filter>Header Files</Filter>
    </ClInclude>
    <ClInclude Include="pch.h">
      <Filter>Header Files</Filter>
    </ClInclude>
    <ClInclude Include="source\_fof_ISS.H">
      <Filter>Source Files</Filter>
    </ClInclude>
    <ClInclude Include="source\_win_ccwf.h">
      <Filter>Source Files</Filter>
    </ClInclude>
    <ClInclude Include="source\BMSoil.h">
      <Filter>Source Files</Filter>
    </ClInclude>
    <ClInclude Include="source\Brn_FileSw.h">
      <Filter>Source Files</Filter>
    </ClInclude>
    <ClInclude Include="source\Brn_SFI.h">
      <Filter>Source Files</Filter>
    </ClInclude>
    <ClInclude Include="source\bur_bov.h">
      <Filter>Source Files</Filter>
    </ClInclude>
    <ClInclude Include="source\BUR_BRN.H">
      <Filter>Source Files</Filter>
    </ClInclude>
    <ClInclude Include="source\CN_MatrixHMV7110.h">
      <Filter>Source Files</Filter>
    </ClInclude>
    <ClInclude Include="source\CN_MatrixPop.h">
      <Filter>Source Files</Filter>
    </ClInclude>
    <ClInclude Include="source\Crank.h">
      <Filter>Source Files</Filter>
    </ClInclude>
    <ClInclude Include="source\fof_ansi.h">
      <Filter>Source Files</Filter>
    </ClInclude>
    <ClInclude Include="source\FOF_BCM.H">
      <Filter>Source Files</Filter>
    </ClInclude>
    <ClInclude Include="source\FOF_BOL.H">
      <Filter>Source Files</Filter>
    </ClInclude>
    <ClInclude Include="source\fof_cct.h">
      <Filter>Source Files</Filter>
    </ClInclude>
    <ClInclude Include="source\FOF_CI.H">
      <Filter>Source Files</Filter>
    </ClInclude>
    <ClInclude Include="source\fof_cm.h">
      <Filter>Source Files</Filter>
    </ClInclude>
    <ClInclude Include="source\FOF_CO.H">
      <Filter>Source Files</Filter>
    </ClInclude>
    <ClInclude Include="source\fof_co2.h">
      <Filter>Source Files</Filter>
    </ClInclude>
    <ClInclude Include="source\fof_disp.h">
      <Filter>Source Files</Filter>
    </ClInclude>
    <ClInclude Include="source\FOF_DLL.H">
      <Filter>Source Files</Filter>
    </ClInclude>
    <ClInclude Include="source\FOF_DUF.H">
      <Filter>Source Files</Filter>
    </ClInclude>
    <ClInclude Include="source\FOF_GEN.H">
      <Filter>Source Files</Filter>
    </ClInclude>
    <ClInclude Include="source\FOF_HSF.H">
      <Filter>Source Files</Filter>
    </ClInclude>
    <ClInclude Include="source\fof_lcc.h">
      <Filter>Source Files</Filter>
    </ClInclude>
    <ClInclude Include="source\fof_lem.h">
      <Filter>Source Files</Filter>
    </ClInclude>
    <ClInclude Include="source\fof_mec.h">
      <Filter>Source Files</Filter>
    </ClInclude>
    <ClInclude Include="source\FOF_MRT.H">
      <Filter>Source Files</Filter>
    </ClInclude>
    <ClInclude Include="source\FOF_NES.h">
      <Filter>Source Files</Filter>
    </ClInclude>
    <ClInclude Include="source\FOF_PF2.H">
      <Filter>Source Files</Filter>
    </ClInclude>
    <ClInclude Include="source\FOF_SD.H">
      <Filter>Source Files</Filter>
    </ClInclude>
    <ClInclude Include="source\FOF_SD2.H">
      <Filter>Source Files</Filter>
    </ClInclude>
    <ClInclude Include="source\FOF_SE.H">
      <Filter>Source Files</Filter>
    </ClInclude>
    <ClInclude Include="source\FOF_SE2.H">
      <Filter>Source Files</Filter>
    </ClInclude>
    <ClInclude Include="source\FOF_SGV.H">
      <Filter>Source Files</Filter>
    </ClInclude>
    <ClInclude Include="source\FOF_SH.H">
      <Filter>Source Files</Filter>
    </ClInclude>
    <ClInclude Include="source\FOF_SH2.H">
      <Filter>Source Files</Filter>
    </ClInclude>
    <ClInclude Include="source\FOF_SHA.H">
      <Filter>Source Files</Filter>
    </ClInclude>
    <ClInclude Include="source\FOF_SMT.H">
      <Filter>Source Files</Filter>
    </ClInclude>
    <ClInclude Include="source\FOF_SOI.H">
      <Filter>Source Files</Filter>
    </ClInclude>
    <ClInclude Include="source\FOF_SPP.H">
      <Filter>Source Files</Filter>
    </ClInclude>
    <ClInclude Include="source\FOF_UTIL.H">
      <Filter>Source Files</Filter>
    </ClInclude>
    <ClInclude Include="source\HTAA.h">
      <Filter>Source Files</Filter>
    </ClInclude>
    <ClInclude Include="source\Matrix.h">
      <Filter>Source Files</Filter>
    </ClInclude>
    <ClInclude Include="source\SCN_Arrays.h">
      <Filter>Source Files</Filter>
    </ClInclude>
    <ClInclude Include="source\targetver.h">
      <Filter>Source Files</Filter>
    </ClInclude>
    <ClInclude Include="source\Unit_Abv.h">
      <Filter>Source Files</Filter>
    </ClInclude>
  </ItemGroup>
  <ItemGroup>
    <ClCompile Include="dllmain.cpp">
      <Filter>Source Files</Filter>
    </ClCompile>
    <ClCompile Include="pch.cpp">
      <Filter>Source Files</Filter>
    </ClCompile>
    <ClCompile Include="source\_BUR_BRN.CPP">
      <Filter>Source Files</Filter>
    </ClCompile>
    <ClCompile Include="source\AccumulateHMV.cpp">
      <Filter>Source Files</Filter>
    </ClCompile>
    <ClCompile Include="source\ANSI_MAI.CPP">
      <Filter>Source Files</Filter>
    </ClCompile>
    <ClCompile Include="source\BM_Util.cpp">
      <Filter>Source Files</Filter>
    </ClCompile>
    <ClCompile Include="source\BoundarydBFD.cpp">
      <Filter>Source Files</Filter>
    </ClCompile>
    <ClCompile Include="source\BoundaryIR.cpp">
      <Filter>Source Files</Filter>
    </ClCompile>
    <ClCompile Include="source\BoundaryIR_T1.cpp">
      <Filter>Source Files</Filter>
    </ClCompile>
    <ClCompile Include="source\BoundaryLHB17dBFD.cpp">
      <Filter>Source Files</Filter>
    </ClCompile>
    <ClCompile Include="source\BoundaryU.cpp">
      <Filter>Source Files</Filter>
    </ClCompile>
    <ClCompile Include="source\BoundaryUBFD.cpp">
      <Filter>Source Files</Filter>
    </ClCompile>
    <ClCompile Include="source\Brn_SFI.cpp">
      <Filter>Source Files</Filter>
    </ClCompile>
    <ClCompile Include="source\BUR_BOV.cpp">
      <Filter>Source Files</Filter>
    </ClCompile>
    <ClCompile Include="source\BUR_BRN - Copy.cpp">
      <Filter>Source Files</Filter>
    </ClCompile>
    <ClCompile Include="source\BUR_BRN.cpp">
      <Filter>Source Files</Filter>
    </ClCompile>
    <ClCompile Include="source\BUR_BRN-Jun-1-PreHerSrb.cpp">
      <Filter>Source Files</Filter>
    </ClCompile>
    <ClCompile Include="source\calAwa.cpp">
      <Filter>Source Files</Filter>
    </ClCompile>
    <ClCompile Include="source\calAwaP.cpp">
      <Filter>Source Files</Filter>
    </ClCompile>
    <ClCompile Include="source\calConCoef2.cpp">
      <Filter>Source Files</Filter>
    </ClCompile>
    <ClCompile Include="source\calConCoef5.cpp">
      <Filter>Source Files</Filter>
    </ClCompile>
    <ClCompile Include="source\calcondry.cpp">
      <Filter>Source Files</Filter>
    </ClCompile>
    <ClCompile Include="source\calconHMVl.cpp">
      <Filter>Source Files</Filter>
    </ClCompile>
    <ClCompile Include="source\calconHMVll.cpp">
      <Filter>Source Files</Filter>
    </ClCompile>
    <ClCompile Include="source\calconRAD.cpp">
      <Filter>Source Files</Filter>
    </ClCompile>
    <ClCompile Include="source\calcp0HMV.cpp">
      <Filter>Source Files</Filter>
    </ClCompile>
    <ClCompile Include="source\calcpaHMVNR.cpp">
      <Filter>Source Files</Filter>
    </ClCompile>
    <ClCompile Include="source\calcsHMV.cpp">
      <Filter>Source Files</Filter>
    </ClCompile>
    <ClCompile Include="source\calcsHMVnT.cpp">
      <Filter>Source Files</Filter>
    </ClCompile>
    <ClCompile Include="source\caldelHMV.cpp">
      <Filter>Source Files</Filter>
    </ClCompile>
    <ClCompile Include="source\calden2HMV.cpp">
      <Filter>Source Files</Filter>
    </ClCompile>
    <ClCompile Include="source\calDENVEL.cpp">
      <Filter>Source Files</Filter>
    </ClCompile>
    <ClCompile Include="source\caldiffHMVNRa.cpp">
      <Filter>Source Files</Filter>
    </ClCompile>
    <ClCompile Include="source\caldiseq.cpp">
      <Filter>Source Files</Filter>
    </ClCompile>
    <ClCompile Include="source\caldryvis.cpp">
      <Filter>Source Files</Filter>
    </ClCompile>
    <ClCompile Include="source\calEBCN.cpp">
      <Filter>Source Files</Filter>
    </ClCompile>
    <ClCompile Include="source\calepssurfHMV.cpp">
      <Filter>Source Files</Filter>
    </ClCompile>
    <ClCompile Include="source\caleta4.cpp">
      <Filter>Source Files</Filter>
    </ClCompile>
    <ClCompile Include="source\calgascomb.cpp">
      <Filter>Source Files</Filter>
    </ClCompile>
    <ClCompile Include="source\calhydrauKF.cpp">
      <Filter>Source Files</Filter>
    </ClCompile>
    <ClCompile Include="source\calhydrauVA.cpp">
      <Filter>Source Files</Filter>
    </ClCompile>
    <ClCompile Include="source\calhydrauWRC.cpp">
      <Filter>Source Files</Filter>
    </ClCompile>
    <ClCompile Include="source\calmaxdenwHMV.cpp">
      <Filter>Source Files</Filter>
    </ClCompile>
    <ClCompile Include="source\calmaxmulaHMV.cpp">
      <Filter>Source Files</Filter>
    </ClCompile>
    <ClCompile Include="source\calmaxmulaWHMV.cpp">
      <Filter>Source Files</Filter>
    </ClCompile>
    <ClCompile Include="source\calmulaHMV.cpp">
      <Filter>Source Files</Filter>
    </ClCompile>
    <ClCompile Include="source\calmulaWHMV.cpp">
      <Filter>Source Files</Filter>
    </ClCompile>
    <ClCompile Include="source\calparx.cpp">
      <Filter>Source Files</Filter>
    </ClCompile>
    <ClCompile Include="source\calprofP.cpp">
      <Filter>Source Files</Filter>
    </ClCompile>
    <ClCompile Include="source\calpsinProf.cpp">
      <Filter>Source Files</Filter>
    </ClCompile>
    <ClCompile Include="source\calQHCN.cpp">
      <Filter>Source Files</Filter>
    </ClCompile>
    <ClCompile Include="source\calrhev.cpp">
      <Filter>Source Files</Filter>
    </ClCompile>
    <ClCompile Include="source\calstefan1NR.cpp">
      <Filter>Source Files</Filter>
    </ClCompile>
    <ClCompile Include="source\calsurfdT.cpp">
      <Filter>Source Files</Filter>
    </ClCompile>
    <ClCompile Include="source\calSw.cpp">
      <Filter>Source Files</Filter>
    </ClCompile>
    <ClCompile Include="source\caltempkHMV.cpp">
      <Filter>Source Files</Filter>
    </ClCompile>
    <ClCompile Include="source\calthetaCSr.cpp">
      <Filter>Source Files</Filter>
    </ClCompile>
    <ClCompile Include="source\calthetaFYr.cpp">
      <Filter>Source Files</Filter>
    </ClCompile>
    <ClCompile Include="source\caluHMV.cpp">
      <Filter>Source Files</Filter>
    </ClCompile>
    <ClCompile Include="source\calvaporHMV.cpp">
      <Filter>Source Files</Filter>
    </ClCompile>
    <ClCompile Include="source\calVsourceGNRa.cpp">
      <Filter>Source Files</Filter>
    </ClCompile>
    <ClCompile Include="source\calxhiv1.cpp">
      <Filter>Source Files</Filter>
    </ClCompile>
    <ClCompile Include="source\CrankNicolson.cpp">
      <Filter>Source Files</Filter>
    </ClCompile>
    <ClCompile Include="source\densatHMV.cpp">
      <Filter>Source Files</Filter>
    </ClCompile>
    <ClCompile Include="source\densatmaxHMV.cpp">
      <Filter>Source Files</Filter>
    </ClCompile>
    <ClCompile Include="source\Dry_Air_Constants_HMV.cpp">
      <Filter>Source Files</Filter>
    </ClCompile>
    <ClCompile Include="source\DUMMY.Cpp">
      <Filter>Source Files</Filter>
    </ClCompile>
    <ClCompile Include="source\EBcoef.cpp">
      <Filter>Source Files</Filter>
    </ClCompile>
    <ClCompile Include="source\EBcoef-Save.cpp">
      <Filter>Source Files</Filter>
    </ClCompile>
    <ClCompile Include="source\fof_ansi.cpp">
      <Filter>Source Files</Filter>
    </ClCompile>
    <ClCompile Include="source\FOF_BCM.cpp">
      <Filter>Source Files</Filter>
    </ClCompile>
    <ClCompile Include="source\FOF_BOL.cpp">
      <Filter>Source Files</Filter>
    </ClCompile>
    <ClCompile Include="source\FOF_CI.cpp">
      <Filter>Source Files</Filter>
    </ClCompile>
    <ClCompile Include="source\FOF_CM.cpp">
      <Filter>Source Files</Filter>
    </ClCompile>
    <ClCompile Include="source\FOF_CO.cpp">
      <Filter>Source Files</Filter>
    </ClCompile>
    <ClCompile Include="source\fof_disp.cpp">
      <Filter>Source Files</Filter>
    </ClCompile>
    <ClCompile Include="source\FOF_DLL.cpp">
      <Filter>Source Files</Filter>
    </ClCompile>
    <ClCompile Include="source\FOF_DUF.cpp">
      <Filter>Source Files</Filter>
    </ClCompile>
    <ClCompile Include="source\FOF_HSF.cpp">
      <Filter>Source Files</Filter>
    </ClCompile>
    <ClCompile Include="source\fof_lcc.cpp">
      <Filter>Source Files</Filter>
    </ClCompile>
    <ClCompile Include="source\fof_lem.cpp">
      <Filter>Source Files</Filter>
    </ClCompile>
    <ClCompile Include="source\FOF_MRT.cpp">
      <Filter>Source Files</Filter>
    </ClCompile>
    <ClCompile Include="source\FOF_NES.cpp">
      <Filter>Source Files</Filter>
    </ClCompile>
    <ClCompile Include="source\FOF_PF2.cpp">
      <Filter>Source Files</Filter>
    </ClCompile>
    <ClCompile Include="source\FOF_SD.cpp">
      <Filter>Source Files</Filter>
    </ClCompile>
    <ClCompile Include="source\fof_SDDan.cpp">
      <Filter>Source Files</Filter>
    </ClCompile>
    <ClCompile Include="source\FOF_SE.cpp">
      <Filter>Source Files</Filter>
    </ClCompile>
    <ClCompile Include="source\FOF_SGV.cpp">
      <Filter>Source Files</Filter>
    </ClCompile>
    <ClCompile Include="source\FOF_SH.cpp">
      <Filter>Source Files</Filter>
    </ClCompile>
    <ClCompile Include="source\FOF_SHA.cpp">
      <Filter>Source Files</Filter>
    </ClCompile>
    <ClCompile Include="source\FOF_SOI.cpp">
      <Filter>Source Files</Filter>
    </ClCompile>
    <ClCompile Include="source\fof_unix.cpp">
      <Filter>Source Files</Filter>
    </ClCompile>
    <ClCompile Include="source\FOF_UTIL.cpp">
      <Filter>Source Files</Filter>
    </ClCompile>
    <ClCompile Include="source\GenThomas.cpp">
      <Filter>Source Files</Filter>
    </ClCompile>
    <ClCompile Include="source\Glob_Data.cpp">
      <Filter>Source Files</Filter>
    </ClCompile>
    <ClCompile Include="source\global.cpp">
      <Filter>Source Files</Filter>
    </ClCompile>
    <ClCompile Include="source\harmean.cpp">
      <Filter>Source Files</Filter>
    </ClCompile>
    <ClCompile Include="source\HMV_Model.cpp">
      <Filter>Source Files</Filter>
    </ClCompile>
    <ClCompile Include="source\HTAA.cpp">
      <Filter>Source Files</Filter>
    </ClCompile>
    <ClCompile Include="source\Liquid_Water_Constants.cpp">
      <Filter>Source Files</Filter>
    </ClCompile>
    <ClCompile Include="source\Liquid_Water_Constants_2.cpp">
      <Filter>Source Files</Filter>
    </ClCompile>
    <ClCompile Include="source\LMS.cpp">
      <Filter>Source Files</Filter>
    </ClCompile>
    <ClCompile Include="source\LoadQuincy1.cpp">
      <Filter>Source Files</Filter>
    </ClCompile>
    <ClCompile Include="source\Manitou04.cpp">
      <Filter>Source Files</Filter>
    </ClCompile>
    <ClCompile Include="source\Matrix.cpp">
      <Filter>Source Files</Filter>
    </ClCompile>
    <ClCompile Include="source\Model_Param.cpp">
      <Filter>Source Files</Filter>
    </ClCompile>
    <ClCompile Include="source\Model_Switch_HMV.cpp">
      <Filter>Source Files</Filter>
    </ClCompile>
    <ClCompile Include="source\Physical_Constants_HMV.cpp">
      <Filter>Source Files</Filter>
    </ClCompile>
    <ClCompile Include="source\PSINi.cpp">
      <Filter>Source Files</Filter>
    </ClCompile>
    <ClCompile Include="source\PsinTmpnT.cpp">
      <Filter>Source Files</Filter>
    </ClCompile>
    <ClCompile Include="source\Quincy1G.cpp">
      <Filter>Source Files</Filter>
    </ClCompile>
    <ClCompile Include="source\Quincy1G-Save-Aug-31-2017.cpp">
      <Filter>Source Files</Filter>
    </ClCompile>
    <ClCompile Include="source\rhoveqHMV.cpp">
      <Filter>Source Files</Filter>
    </ClCompile>
    <ClCompile Include="source\SCN_Arrays.cpp">
      <Filter>Source Files</Filter>
    </ClCompile>
    <ClCompile Include="source\Soil_Model_Data_Files_HMV.cpp">
      <Filter>Source Files</Filter>
    </ClCompile>
    <ClCompile Include="source\Soil_Time_Depth_Param_HMV.cpp">
      <Filter>Source Files</Filter>
    </ClCompile>
    <ClCompile Include="source\SolveHMV.cpp">
      <Filter>Source Files</Filter>
    </ClCompile>
    <ClCompile Include="source\TryMatix.cpp">
      <Filter>Source Files</Filter>
    </ClCompile>
    <ClCompile Include="source\vapdiffEHMV.cpp">
      <Filter>Source Files</Filter>
    </ClCompile>
    <ClCompile Include="source\vaporTempdiff.cpp">
      <Filter>Source Files</Filter>
    </ClCompile>
    <ClCompile Include="source\Vmult5.cpp">
      <Filter>Source Files</Filter>
    </ClCompile>
    <ClCompile Include="source\Water_Vapor_Constants.cpp">
      <Filter>Source Files</Filter>
    </ClCompile>
    <ClCompile Include="source\Water_Vapor_Constants_0.cpp">
      <Filter>Source Files</Filter>
    </ClCompile>
    <ClCompile Include="source\Water_Vapor_Constants_2.cpp">
      <Filter>Source Files</Filter>
    </ClCompile>
    <ClCompile Include="source\WesternUS01.cpp">
      <Filter>Source Files</Filter>
    </ClCompile>
    <ClCompile Include="source\Xnew.cpp">
      <Filter>Source Files</Filter>
    </ClCompile>
  </ItemGroup>
</Project>